
Microsoft Visual Studio Solution File, Format Version 12.00
# Visual Studio Version 16
VisualStudioVersion = 16.0.30717.126
MinimumVisualStudioVersion = 10.0.40219.1
Project("{8BC9CEB8-8B4A-11D0-8D11-00A0C91BC942}") = "SimpleInterpreter", "SimpleInterpreter\SimpleInterpreter.vcxproj", "{094367BF-E174-4B3F-A315-773929271E11}"
EndProject
Global
	GlobalSection(SolutionConfigurationPlatforms) = preSolution
		Debug|x64 = Debug|x64
		Debug|x86 = Debug|x86
		Release|x64 = Release|x64
		Release|x86 = Release|x86
	EndGlobalSection
	GlobalSection(ProjectConfigurationPlatforms) = postSolution
		{094367BF-E174-4B3F-A315-773929271E11}.Debug|x64.ActiveCfg = Debug|x64
		{094367BF-E174-4B3F-A315-773929271E11}.Debug|x64.Build.0 = Debug|x64
		{094367BF-E174-4B3F-A315-773929271E11}.Debug|x86.ActiveCfg = Debug|Win32
		{094367BF-E174-4B3F-A315-773929271E11}.Debug|x86.Build.0 = Debug|Win32
		{094367BF-E174-4B3F-A315-773929271E11}.Release|x64.ActiveCfg = Release|x64
		{094367BF-E174-4B3F-A315-773929271E11}.Release|x64.Build.0 = Release|x64
		{094367BF-E174-4B3F-A315-773929271E11}.Release|x86.ActiveCfg = Release|Win32
		{094367BF-E174-4B3F-A315-773929271E11}.Release|x86.Build.0 = Release|Win32
	EndGlobalSection
	GlobalSection(SolutionProperties) = preSolution
		HideSolutionNode = FALSE
	EndGlobalSection
	GlobalSection(ExtensibilityGlobals) = postSolution
		SolutionGuid = {DD29B5B7-DB21-4022-929D-4FA40D120215}
	EndGlobalSection
EndGlobal
